
Microsoft Visual Studio Solution File, Format Version 12.00
# Visual Studio Version 17
VisualStudioVersion = 17.5.33502.453
MinimumVisualStudioVersion = 10.0.40219.1
Project("{FAE04EC0-301F-11D3-BF4B-00C04F79EFBC}") = "UserMaintenance", "UserMaintenance\UserMaintenance.csproj", "{162CDB3F-7B4D-432A-8053-3900B6728064}"
EndProject
Global
	GlobalSection(SolutionConfigurationPlatforms) = preSolution
		Debug|Any CPU = Debug|Any CPU
		Release|Any CPU = Release|Any CPU
	EndGlobalSection
	GlobalSection(ProjectConfigurationPlatforms) = postSolution
		{162CDB3F-7B4D-432A-8053-3900B6728064}.Debug|Any CPU.ActiveCfg = Debug|Any CPU
		{162CDB3F-7B4D-432A-8053-3900B6728064}.Debug|Any CPU.Build.0 = Debug|Any CPU
		{162CDB3F-7B4D-432A-8053-3900B6728064}.Release|Any CPU.ActiveCfg = Release|Any CPU
		{162CDB3F-7B4D-432A-8053-3900B6728064}.Release|Any CPU.Build.0 = Release|Any CPU
	EndGlobalSection
	GlobalSection(SolutionProperties) = preSolution
		HideSolutionNode = FALSE
	EndGlobalSection
	GlobalSection(ExtensibilityGlobals) = postSolution
		SolutionGuid = {D0F2B12B-AEB4-4805-868F-8B625AA9318C}
	EndGlobalSection
EndGlobal
